// !$*UTF8*$!
{
	archiveVersion = 1;
	classes = {
	};
	objectVersion = 50;
	objects = {

/* Begin PBXBuildFile section */
		D667643E21FDEEFE00852900 /* AppDelegate.swift in Sources */ = {isa = PBXBuildFile; fileRef = D6EA3CEB21FD1FDF00D610CC /* AppDelegate.swift */; };
		D6BD8A0321FDB1B100C760F4 /* NewClubViewController.swift in Sources */ = {isa = PBXBuildFile; fileRef = D6BD8A0221FDB1B100C760F4 /* NewClubViewController.swift */; };
		D6BD8A0721FDE9C800C760F4 /* ClubDescripViewController.swift in Sources */ = {isa = PBXBuildFile; fileRef = D6BD8A0621FDE9C800C760F4 /* ClubDescripViewController.swift */; };
		D6EA3CEE21FD1FDF00D610CC /* ViewController.swift in Sources */ = {isa = PBXBuildFile; fileRef = D6EA3CED21FD1FDF00D610CC /* ViewController.swift */; };
		D6EA3CF121FD1FDF00D610CC /* Main.storyboard in Resources */ = {isa = PBXBuildFile; fileRef = D6EA3CEF21FD1FDF00D610CC /* Main.storyboard */; };
		D6EA3CF321FD1FDF00D610CC /* Assets.xcassets in Resources */ = {isa = PBXBuildFile; fileRef = D6EA3CF221FD1FDF00D610CC /* Assets.xcassets */; };
		D6EA3CF621FD1FDF00D610CC /* LaunchScreen.storyboard in Resources */ = {isa = PBXBuildFile; fileRef = D6EA3CF421FD1FDF00D610CC /* LaunchScreen.storyboard */; };
/* End PBXBuildFile section */

/* Begin PBXFileReference section */
		D6BD8A0221FDB1B100C760F4 /* NewClubViewController.swift */ = {isa = PBXFileReference; lastKnownFileType = sourcecode.swift; path = NewClubViewController.swift; sourceTree = "<group>"; };
		D6BD8A0621FDE9C800C760F4 /* ClubDescripViewController.swift */ = {isa = PBXFileReference; lastKnownFileType = sourcecode.swift; path = ClubDescripViewController.swift; sourceTree = "<group>"; };
		D6EA3CE821FD1FDF00D610CC /* ClubHop.app */ = {isa = PBXFileReference; explicitFileType = wrapper.application; includeInIndex = 0; path = ClubHop.app; sourceTree = BUILT_PRODUCTS_DIR; };
		D6EA3CEB21FD1FDF00D610CC /* AppDelegate.swift */ = {isa = PBXFileReference; lastKnownFileType = sourcecode.swift; path = AppDelegate.swift; sourceTree = "<group>"; };
		D6EA3CED21FD1FDF00D610CC /* ViewController.swift */ = {isa = PBXFileReference; lastKnownFileType = sourcecode.swift; path = ViewController.swift; sourceTree = "<group>"; };
		D6EA3CF021FD1FDF00D610CC /* Base */ = {isa = PBXFileReference; lastKnownFileType = file.storyboard; name = Base; path = Base.lproj/Main.storyboard; sourceTree = "<group>"; };
		D6EA3CF221FD1FDF00D610CC /* Assets.xcassets */ = {isa = PBXFileReference; lastKnownFileType = folder.assetcatalog; path = Assets.xcassets; sourceTree = "<group>"; };
		D6EA3CF521FD1FDF00D610CC /* Base */ = {isa = PBXFileReference; lastKnownFileType = file.storyboard; name = Base; path = Base.lproj/LaunchScreen.storyboard; sourceTree = "<group>"; };
		D6EA3CF721FD1FDF00D610CC /* Info.plist */ = {isa = PBXFileReference; lastKnownFileType = text.plist.xml; path = Info.plist; sourceTree = "<group>"; };
/* End PBXFileReference section */

/* Begin PBXFrameworksBuildPhase section */
		D6EA3CE521FD1FDF00D610CC /* Frameworks */ = {
			isa = PBXFrameworksBuildPhase;
			buildActionMask = 2147483647;
			files = (
			);
			runOnlyForDeploymentPostprocessing = 0;
		};
/* End PBXFrameworksBuildPhase section */

/* Begin PBXGroup section */
		D6EA3CDF21FD1FDF00D610CC = {
			isa = PBXGroup;
			children = (
				D6EA3CEA21FD1FDF00D610CC /* ClubHop */,
				D6EA3CE921FD1FDF00D610CC /* Products */,
			);
			sourceTree = "<group>";
		};
		D6EA3CE921FD1FDF00D610CC /* Products */ = {
			isa = PBXGroup;
			children = (
				D6EA3CE821FD1FDF00D610CC /* ClubHop.app */,
			);
			name = Products;
			sourceTree = "<group>";
		};
		D6EA3CEA21FD1FDF00D610CC /* ClubHop */ = {
			isa = PBXGroup;
			children = (
				D6EA3CEB21FD1FDF00D610CC /* AppDelegate.swift */,
				D6EA3CED21FD1FDF00D610CC /* ViewController.swift */,
				D6EA3CEF21FD1FDF00D610CC /* Main.storyboard */,
				D6EA3CF221FD1FDF00D610CC /* Assets.xcassets */,
				D6EA3CF421FD1FDF00D610CC /* LaunchScreen.storyboard */,
				D6EA3CF721FD1FDF00D610CC /* Info.plist */,
				D6BD8A0221FDB1B100C760F4 /* NewClubViewController.swift */,
				D6BD8A0621FDE9C800C760F4 /* ClubDescripViewController.swift */,
			);
			path = ClubHop;
			sourceTree = "<group>";
		};
/* End PBXGroup section */

/* Begin PBXNativeTarget section */
		D6EA3CE721FD1FDF00D610CC /* ClubHop */ = {
			isa = PBXNativeTarget;
			buildConfigurationList = D6EA3CFA21FD1FDF00D610CC /* Build configuration list for PBXNativeTarget "ClubHop" */;
			buildPhases = (
				D6EA3CE421FD1FDF00D610CC /* Sources */,
				D6EA3CE521FD1FDF00D610CC /* Frameworks */,
				D6EA3CE621FD1FDF00D610CC /* Resources */,
			);
			buildRules = (
			);
			dependencies = (
			);
			name = ClubHop;
			productName = ClubHop;
			productReference = D6EA3CE821FD1FDF00D610CC /* ClubHop.app */;
			productType = "com.apple.product-type.application";
		};
/* End PBXNativeTarget section */

/* Begin PBXProject section */
		D6EA3CE021FD1FDF00D610CC /* Project object */ = {
			isa = PBXProject;
			attributes = {
				LastSwiftUpdateCheck = 0940;
				LastUpgradeCheck = 0940;
				ORGANIZATIONNAME = "Snekha Senthilkumar";
				TargetAttributes = {
					D6EA3CE721FD1FDF00D610CC = {
						CreatedOnToolsVersion = 9.4;
					};
				};
			};
			buildConfigurationList = D6EA3CE321FD1FDF00D610CC /* Build configuration list for PBXProject "ClubHop" */;
			compatibilityVersion = "Xcode 9.3";
			developmentRegion = en;
			hasScannedForEncodings = 0;
			knownRegions = (
				en,
				Base,
			);
			mainGroup = D6EA3CDF21FD1FDF00D610CC;
			productRefGroup = D6EA3CE921FD1FDF00D610CC /* Products */;
			projectDirPath = "";
			projectRoot = "";
			targets = (
				D6EA3CE721FD1FDF00D610CC /* ClubHop */,
			);
		};
/* End PBXProject section */

/* Begin PBXResourcesBuildPhase section */
		D6EA3CE621FD1FDF00D610CC /* Resources */ = {
			isa = PBXResourcesBuildPhase;
			buildActionMask = 2147483647;
			files = (
				D6EA3CF621FD1FDF00D610CC /* LaunchScreen.storyboard in Resources */,
				D6EA3CF321FD1FDF00D610CC /* Assets.xcassets in Resources */,
				D6EA3CF121FD1FDF00D610CC /* Main.storyboard in Resources */,
			);
			runOnlyForDeploymentPostprocessing = 0;
		};
/* End PBXResourcesBuildPhase section */

/* Begin PBXSourcesBuildPhase section */
		D6EA3CE421FD1FDF00D610CC /* Sources */ = {
			isa = PBXSourcesBuildPhase;
			buildActionMask = 2147483647;
			files = (
				D667643E21FDEEFE00852900 /* AppDelegate.swift in Sources */,
				D6BD8A0321FDB1B100C760F4 /* NewClubViewController.swift in Sources */,
				D6EA3CEE21FD1FDF00D610CC /* ViewController.swift in Sources */,
				D6BD8A0721FDE9C800C760F4 /* ClubDescripViewController.swift in Sources */,
			);
			runOnlyForDeploymentPostprocessing = 0;
		};
/* End PBXSourcesBuildPhase section */

/* Begin PBXVariantGroup section */
		D6EA3CEF21FD1FDF00D610CC /* Main.storyboard */ = {
			isa = PBXVariantGroup;
			children = (
				D6EA3CF021FD1FDF00D610CC /* Base */,
			);
			name = Main.storyboard;
			sourceTree = "<group>";
		};
		D6EA3CF421FD1FDF00D610CC /* LaunchScreen.storyboard */ = {
			isa = PBXVariantGroup;
			children = (
				D6EA3CF521FD1FDF00D610CC /* Base */,
			);
			name = LaunchScreen.storyboard;
			sourceTree = "<group>";
		};
/* End PBXVariantGroup section */

/* Begin XCBuildConfiguration section */
		D6EA3CF821FD1FDF00D610CC /* Debug */ = {
			isa = XCBuildConfiguration;
			buildSettings = {
				ALWAYS_SEARCH_USER_PATHS = NO;
				CLANG_ANALYZER_NONNULL = YES;
				CLANG_ANALYZER_NUMBER_OBJECT_CONVERSION = YES_AGGRESSIVE;
				CLANG_CXX_LANGUAGE_STANDARD = "gnu++14";
				CLANG_CXX_LIBRARY = "libc++";
				CLANG_ENABLE_MODULES = YES;
				CLANG_ENABLE_OBJC_ARC = YES;
				CLANG_ENABLE_OBJC_WEAK = YES;
				CLANG_WARN_BLOCK_CAPTURE_AUTORELEASING = YES;
				CLANG_WARN_BOOL_CONVERSION = YES;
				CLANG_WARN_COMMA = YES;
				CLANG_WARN_CONSTANT_CONVERSION = YES;
				CLANG_WARN_DEPRECATED_OBJC_IMPLEMENTATIONS = YES;
				CLANG_WARN_DIRECT_OBJC_ISA_USAGE = YES_ERROR;
				CLANG_WARN_DOCUMENTATION_COMMENTS = YES;
				CLANG_WARN_EMPTY_BODY = YES;
				CLANG_WARN_ENUM_CONVERSION = YES;
				CLANG_WARN_INFINITE_RECURSION = YES;
				CLANG_WARN_INT_CONVERSION = YES;
				CLANG_WARN_NON_LITERAL_NULL_CONVERSION = YES;
				CLANG_WARN_OBJC_IMPLICIT_RETAIN_SELF = YES;
				CLANG_WARN_OBJC_LITERAL_CONVERSION = YES;
				CLANG_WARN_OBJC_ROOT_CLASS = YES_ERROR;
				CLANG_WARN_RANGE_LOOP_ANALYSIS = YES;
				CLANG_WARN_STRICT_PROTOTYPES = YES;
				CLANG_WARN_SUSPICIOUS_MOVE = YES;
				CLANG_WARN_UNGUARDED_AVAILABILITY = YES_AGGRESSIVE;
				CLANG_WARN_UNREACHABLE_CODE = YES;
				CLANG_WARN__DUPLICATE_METHOD_MATCH = YES;
				CODE_SIGN_IDENTITY = "iPhone Developer";
				COPY_PHASE_STRIP = NO;
				DEBUG_INFORMATION_FORMAT = dwarf;
				ENABLE_STRICT_OBJC_MSGSEND = YES;
				ENABLE_TESTABILITY = YES;
				GCC_C_LANGUAGE_STANDARD = gnu11;
				GCC_DYNAMIC_NO_PIC = NO;
				GCC_NO_COMMON_BLOCKS = YES;
				GCC_OPTIMIZATION_LEVEL = 0;
				GCC_PREPROCESSOR_DEFINITIONS = (
					"DEBUG=1",
					"$(inherited)",
				);
				GCC_WARN_64_TO_32_BIT_CONVERSION = YES;
				GCC_WARN_ABOUT_RETURN_TYPE = YES_ERROR;
				GCC_WARN_UNDECLARED_SELECTOR = YES;
				GCC_WARN_UNINITIALIZED_AUTOS = YES_AGGRESSIVE;
				GCC_WARN_UNUSED_FUNCTION = YES;
				GCC_WARN_UNUSED_VARIABLE = YES;
				IPHONEOS_DEPLOYMENT_TARGET = 11.4;
				MTL_ENABLE_DEBUG_INFO = YES;
				ONLY_ACTIVE_ARCH = YES;
				SDKROOT = iphoneos;
				SWIFT_ACTIVE_COMPILATION_CONDITIONS = DEBUG;
				SWIFT_OPTIMIZATION_LEVEL = "-Onone";
			};
			name = Debug;
		};
		D6EA3CF921FD1FDF00D610CC /* Release */ = {
			isa = XCBuildConfiguration;
			buildSettings = {
				ALWAYS_SEARCH_USER_PATHS = NO;
				CLANG_ANALYZER_NONNULL = YES;
				CLANG_ANALYZER_NUMBER_OBJECT_CONVERSION = YES_AGGRESSIVE;
				CLANG_CXX_LANGUAGE_STANDARD = "gnu++14";
				CLANG_CXX_LIBRARY = "libc++";
				CLANG_ENABLE_MODULES = YES;
				CLANG_ENABLE_OBJC_ARC = YES;
				CLANG_ENABLE_OBJC_WEAK = YES;
				CLANG_WARN_BLOCK_CAPTURE_AUTORELEASING = YES;
				CLANG_WARN_BOOL_CONVERSION = YES;
				CLANG_WARN_COMMA = YES;
				CLANG_WARN_CONSTANT_CONVERSION = YES;
				CLANG_WARN_DEPRECATED_OBJC_IMPLEMENTATIONS = YES;
				CLANG_WARN_DIRECT_OBJC_ISA_USAGE = YES_ERROR;
				CLANG_WARN_DOCUMENTATION_COMMENTS = YES;
				CLANG_WARN_EMPTY_BODY = YES;
				CLANG_WARN_ENUM_CONVERSION = YES;
				CLANG_WARN_INFINITE_RECURSION = YES;
				CLANG_WARN_INT_CONVERSION = YES;
				CLANG_WARN_NON_LITERAL_NULL_CONVERSION = YES;
				CLANG_WARN_OBJC_IMPLICIT_RETAIN_SELF = YES;
				CLANG_WARN_OBJC_LITERAL_CONVERSION = YES;
				CLANG_WARN_OBJC_ROOT_CLASS = YES_ERROR;
				CLANG_WARN_RANGE_LOOP_ANALYSIS = YES;
				CLANG_WARN_STRICT_PROTOTYPES = YES;
				CLANG_WARN_SUSPICIOUS_MOVE = YES;
				CLANG_WARN_UNGUARDED_AVAILABILITY = YES_AGGRESSIVE;
				CLANG_WARN_UNREACHABLE_CODE = YES;
				CLANG_WARN__DUPLICATE_METHOD_MATCH = YES;
				CODE_SIGN_IDENTITY = "iPhone Developer";
				COPY_PHASE_STRIP = NO;
				DEBUG_INFORMATION_FORMAT = "dwarf-with-dsym";
				ENABLE_NS_ASSERTIONS = NO;
				ENABLE_STRICT_OBJC_MSGSEND = YES;
				GCC_C_LANGUAGE_STANDARD = gnu11;
				GCC_NO_COMMON_BLOCKS = YES;
				GCC_WARN_64_TO_32_BIT_CONVERSION = YES;
				GCC_WARN_ABOUT_RETURN_TYPE = YES_ERROR;
				GCC_WARN_UNDECLARED_SELECTOR = YES;
				GCC_WARN_UNINITIALIZED_AUTOS = YES_AGGRESSIVE;
				GCC_WARN_UNUSED_FUNCTION = YES;
				GCC_WARN_UNUSED_VARIABLE = YES;
				IPHONEOS_DEPLOYMENT_TARGET = 11.4;
				MTL_ENABLE_DEBUG_INFO = NO;
				SDKROOT = iphoneos;
				SWIFT_COMPILATION_MODE = wholemodule;
				SWIFT_OPTIMIZATION_LEVEL = "-O";
				VALIDATE_PRODUCT = YES;
			};
			name = Release;
		};
		D6EA3CFB21FD1FDF00D610CC /* Debug */ = {
			isa = XCBuildConfiguration;
			buildSettings = {
				ASSETCATALOG_COMPILER_APPICON_NAME = AppIcon;
				CODE_SIGN_STYLE = Automatic;
				INFOPLIST_FILE = ClubHop/Info.plist;
				LD_RUNPATH_SEARCH_PATHS = (
					"$(inherited)",
					"@executable_path/Frameworks",
				);
				PRODUCT_BUNDLE_IDENTIFIER = com.snekha.ClubHop;
				PRODUCT_NAME = "$(TARGET_NAME)";
				SWIFT_VERSION = 4.0;
				TARGETED_DEVICE_FAMILY = "1,2";
			};
			name = Debug;
		};
		D6EA3CFC21FD1FDF00D610CC /* Release */ = {
			isa = XCBuildConfiguration;
			buildSettings = {
				ASSETCATALOG_COMPILER_APPICON_NAME = AppIcon;
				CODE_SIGN_STYLE = Automatic;
				INFOPLIST_FILE = ClubHop/Info.plist;
				LD_RUNPATH_SEARCH_PATHS = (
					"$(inherited)",
					"@executable_path/Frameworks",
				);
				PRODUCT_BUNDLE_IDENTIFIER = com.snekha.ClubHop;
				PRODUCT_NAME = "$(TARGET_NAME)";
				SWIFT_VERSION = 4.0;
				TARGETED_DEVICE_FAMILY = "1,2";
			};
			name = Release;
		};
/* End XCBuildConfiguration section */

/* Begin XCConfigurationList section */
		D6EA3CE321FD1FDF00D610CC /* Build configuration list for PBXProject "ClubHop" */ = {
			isa = XCConfigurationList;
			buildConfigurations = (
				D6EA3CF821FD1FDF00D610CC /* Debug */,
				D6EA3CF921FD1FDF00D610CC /* Release */,
			);
			defaultConfigurationIsVisible = 0;
			defaultConfigurationName = Release;
		};
		D6EA3CFA21FD1FDF00D610CC /* Build configuration list for PBXNativeTarget "ClubHop" */ = {
			isa = XCConfigurationList;
			buildConfigurations = (
				D6EA3CFB21FD1FDF00D610CC /* Debug */,
				D6EA3CFC21FD1FDF00D610CC /* Release */,
			);
			defaultConfigurationIsVisible = 0;
			defaultConfigurationName = Release;
		};
/* End XCConfigurationList section */
	};
	rootObject = D6EA3CE021FD1FDF00D610CC /* Project object */;
}
